
Microsoft Visual Studio Solution File, Format Version 12.00
# Visual Studio 14
VisualStudioVersion = 14.0.24720.0
MinimumVisualStudioVersion = 10.0.40219.1
Project("{FAE04EC0-301F-11D3-BF4B-00C04F79EFBC}") = "DatabaseTest", "DatabaseTest\DatabaseTest.csproj", "{6EE1F0AF-A272-4ACB-98D9-4042357A1B80}"
EndProject
Project("{FAE04EC0-301F-11D3-BF4B-00C04F79EFBC}") = "DatabaseTest.Tests", "DatabaseTest.Tests\DatabaseTest.Tests.csproj", "{F10D6D2F-BFB1-4067-ABD3-17C16A229CAF}"
EndProject
Global
	GlobalSection(SolutionConfigurationPlatforms) = preSolution
		Debug|Any CPU = Debug|Any CPU
		Release|Any CPU = Release|Any CPU
	EndGlobalSection
	GlobalSection(ProjectConfigurationPlatforms) = postSolution
		{6EE1F0AF-A272-4ACB-98D9-4042357A1B80}.Debug|Any CPU.ActiveCfg = Debug|Any CPU
		{6EE1F0AF-A272-4ACB-98D9-4042357A1B80}.Debug|Any CPU.Build.0 = Debug|Any CPU
		{6EE1F0AF-A272-4ACB-98D9-4042357A1B80}.Release|Any CPU.ActiveCfg = Release|Any CPU
		{6EE1F0AF-A272-4ACB-98D9-4042357A1B80}.Release|Any CPU.Build.0 = Release|Any CPU
		{F10D6D2F-BFB1-4067-ABD3-17C16A229CAF}.Debug|Any CPU.ActiveCfg = Debug|Any CPU
		{F10D6D2F-BFB1-4067-ABD3-17C16A229CAF}.Debug|Any CPU.Build.0 = Debug|Any CPU
		{F10D6D2F-BFB1-4067-ABD3-17C16A229CAF}.Release|Any CPU.ActiveCfg = Release|Any CPU
		{F10D6D2F-BFB1-4067-ABD3-17C16A229CAF}.Release|Any CPU.Build.0 = Release|Any CPU
	EndGlobalSection
	GlobalSection(SolutionProperties) = preSolution
		HideSolutionNode = FALSE
	EndGlobalSection
EndGlobal
